" Generated by vim-plug
" Sun 19 Dec 2021 02:31:48 PM EST
" :source this file in vim to restore the snapshot
" or execute: vim -S snapshot.vim

silent! let g:plugs['Nvim-R'].commit = 'b74fe9cddb7dedc47ec7eee45755ffecc35f57c9'
silent! let g:plugs['UltiSnips'].commit = '2c83e40ce66814bf813457bb58ea96184ab9bb81'
silent! let g:plugs['ncm-R'].commit = '9e181c568c56ac10fd53d57064e28af07c2566bd'
silent! let g:plugs['ncm2'].commit = 'd2d8cc430232f385d8468f44da8635febb9a92ad'
silent! let g:plugs['ncm2-bufword'].commit = '1d42750114e47a31286268880affcd66c6ae48d5'
silent! let g:plugs['ncm2-path'].commit = '84b1e6b5f28ced2245ff08e6694101f029fdfca8'
silent! let g:plugs['ncm2-ultisnips'].commit = 'a7462f3b7036dce045a472d8ec9d8fb9fb090212'
silent! let g:plugs['nerdcommenter'].commit = 'eddd535bdf8472db469b48ac8cf826871b340c4b'
silent! let g:plugs['nvim-yarp'].commit = 'b710bf4daccb603a423754794fb446e5fbb59576'
silent! let g:plugs['python-syntax'].commit = '2cc00ba72929ea5f9456a26782db57fb4cc56a65'
silent! let g:plugs['vim-easy-align'].commit = '12dd6316974f71ce333e360c0260b4e1f81169c3'
silent! let g:plugs['vimtex'].commit = '3cd379482b3d680ddb5b13c484c5d6c4b5d5a028'

PlugUpdate!

